
Microsoft Visual Studio Solution File, Format Version 12.00
# Visual Studio Version 17
VisualStudioVersion = 17.8.34330.188
MinimumVisualStudioVersion = 10.0.40219.1
Project("{9A19103F-16F7-4668-BE54-9A1E7A4F7556}") = "RZAWeb", "RZAWeb\RZAWeb.csproj", "{A9B0FA61-5635-4094-AA47-CBF56E3A4C30}"
EndProject
Global
	GlobalSection(SolutionConfigurationPlatforms) = preSolution
		Debug|Any CPU = Debug|Any CPU
		Release|Any CPU = Release|Any CPU
	EndGlobalSection
	GlobalSection(ProjectConfigurationPlatforms) = postSolution
		{A9B0FA61-5635-4094-AA47-CBF56E3A4C30}.Debug|Any CPU.ActiveCfg = Debug|Any CPU
		{A9B0FA61-5635-4094-AA47-CBF56E3A4C30}.Debug|Any CPU.Build.0 = Debug|Any CPU
		{A9B0FA61-5635-4094-AA47-CBF56E3A4C30}.Release|Any CPU.ActiveCfg = Release|Any CPU
		{A9B0FA61-5635-4094-AA47-CBF56E3A4C30}.Release|Any CPU.Build.0 = Release|Any CPU
	EndGlobalSection
	GlobalSection(SolutionProperties) = preSolution
		HideSolutionNode = FALSE
	EndGlobalSection
	GlobalSection(ExtensibilityGlobals) = postSolution
		SolutionGuid = {7B1388FA-A948-4B86-88A0-5D2E4938CE7B}
	EndGlobalSection
EndGlobal
